// !$*UTF8*$!
{
	archiveVersion = 1;
	classes = {
	};
	objectVersion = 77;
	objects = {

/* Begin PBXBuildFile section */
		AC6984442D57BF3B000D0122 /* HobbyCards2App.swift in Sources */ = {isa = PBXBuildFile; fileRef = AC6984432D57BF3B000D0122 /* HobbyCards2App.swift */; };
		AC6984562D57BF7C000D0122 /* Preview Assets.xcassets in Resources */ = {isa = PBXBuildFile; fileRef = AC6984512D57BF7C000D0122 /* Preview Assets.xcassets */; };
		AC6984572D57BF7C000D0122 /* Assets.xcassets in Resources */ = {isa = PBXBuildFile; fileRef = AC6984532D57BF7C000D0122 /* Assets.xcassets */; };
		AC6984582D57BF7C000D0122 /* ContentView.swift in Sources */ = {isa = PBXBuildFile; fileRef = AC6984542D57BF7C000D0122 /* ContentView.swift */; };
		AC69845B2D57BF94000D0122 /* Star.swift in Sources */ = {isa = PBXBuildFile; fileRef = AC69845A2D57BF94000D0122 /* Star.swift */; };
		AC69845E2D57BFB3000D0122 /* Team.swift in Sources */ = {isa = PBXBuildFile; fileRef = AC69845D2D57BFB3000D0122 /* Team.swift */; };
		AC6984602D57BFBF000D0122 /* Player.swift in Sources */ = {isa = PBXBuildFile; fileRef = AC69845F2D57BFBF000D0122 /* Player.swift */; };
		AC6984632D57BFE1000D0122 /* PlayersTabView.swift in Sources */ = {isa = PBXBuildFile; fileRef = AC6984622D57BFE1000D0122 /* PlayersTabView.swift */; };
		AC6984652D57BFF8000D0122 /* PlayersCardView.swift in Sources */ = {isa = PBXBuildFile; fileRef = AC6984642D57BFF8000D0122 /* PlayersCardView.swift */; };
/* End PBXBuildFile section */

/* Begin PBXFileReference section */
		AC6984402D57BF3B000D0122 /* HobbyCards2.app */ = {isa = PBXFileReference; explicitFileType = wrapper.application; includeInIndex = 0; path = HobbyCards2.app; sourceTree = BUILT_PRODUCTS_DIR; };
		AC6984432D57BF3B000D0122 /* HobbyCards2App.swift */ = {isa = PBXFileReference; lastKnownFileType = sourcecode.swift; path = HobbyCards2App.swift; sourceTree = "<group>"; };
		AC6984512D57BF7C000D0122 /* Preview Assets.xcassets */ = {isa = PBXFileReference; lastKnownFileType = folder.assetcatalog; path = "Preview Assets.xcassets"; sourceTree = "<group>"; };
		AC6984532D57BF7C000D0122 /* Assets.xcassets */ = {isa = PBXFileReference; lastKnownFileType = folder.assetcatalog; path = Assets.xcassets; sourceTree = "<group>"; };
		AC6984542D57BF7C000D0122 /* ContentView.swift */ = {isa = PBXFileReference; lastKnownFileType = sourcecode.swift; path = ContentView.swift; sourceTree = "<group>"; };
		AC69845A2D57BF94000D0122 /* Star.swift */ = {isa = PBXFileReference; lastKnownFileType = sourcecode.swift; path = Star.swift; sourceTree = "<group>"; };
		AC69845D2D57BFB3000D0122 /* Team.swift */ = {isa = PBXFileReference; lastKnownFileType = sourcecode.swift; path = Team.swift; sourceTree = "<group>"; };
		AC69845F2D57BFBF000D0122 /* Player.swift */ = {isa = PBXFileReference; lastKnownFileType = sourcecode.swift; path = Player.swift; sourceTree = "<group>"; };
		AC6984622D57BFE1000D0122 /* PlayersTabView.swift */ = {isa = PBXFileReference; lastKnownFileType = sourcecode.swift; path = PlayersTabView.swift; sourceTree = "<group>"; };
		AC6984642D57BFF8000D0122 /* PlayersCardView.swift */ = {isa = PBXFileReference; lastKnownFileType = sourcecode.swift; path = PlayersCardView.swift; sourceTree = "<group>"; };
/* End PBXFileReference section */

/* Begin PBXFrameworksBuildPhase section */
		AC69843D2D57BF3B000D0122 /* Frameworks */ = {
			isa = PBXFrameworksBuildPhase;
			buildActionMask = 2147483647;
			files = (
			);
			runOnlyForDeploymentPostprocessing = 0;
		};
/* End PBXFrameworksBuildPhase section */

/* Begin PBXGroup section */
		AC6984372D57BF3B000D0122 = {
			isa = PBXGroup;
			children = (
				AC6984432D57BF3B000D0122 /* HobbyCards2App.swift */,
				AC6984552D57BF7C000D0122 /* HobbyCards2 */,
				AC6984412D57BF3B000D0122 /* Products */,
			);
			sourceTree = "<group>";
		};
		AC6984412D57BF3B000D0122 /* Products */ = {
			isa = PBXGroup;
			children = (
				AC6984402D57BF3B000D0122 /* HobbyCards2.app */,
			);
			name = Products;
			sourceTree = "<group>";
		};
		AC6984522D57BF7C000D0122 /* Preview Content */ = {
			isa = PBXGroup;
			children = (
				AC6984512D57BF7C000D0122 /* Preview Assets.xcassets */,
			);
			path = "Preview Content";
			sourceTree = "<group>";
		};
		AC6984552D57BF7C000D0122 /* HobbyCards2 */ = {
			isa = PBXGroup;
			children = (
				AC6984592D57BF81000D0122 /* Shape */,
				AC6984522D57BF7C000D0122 /* Preview Content */,
				AC6984532D57BF7C000D0122 /* Assets.xcassets */,
				AC6984542D57BF7C000D0122 /* ContentView.swift */,
			);
			path = HobbyCards2;
			sourceTree = "<group>";
		};
		AC6984592D57BF81000D0122 /* Shape */ = {
			isa = PBXGroup;
			children = (
				AC69845A2D57BF94000D0122 /* Star.swift */,
				AC69845C2D57BF9C000D0122 /* Model */,
				AC6984612D57BFC9000D0122 /* Views */,
			);
			path = Shape;
			sourceTree = "<group>";
		};
		AC69845C2D57BF9C000D0122 /* Model */ = {
			isa = PBXGroup;
			children = (
				AC69845D2D57BFB3000D0122 /* Team.swift */,
				AC69845F2D57BFBF000D0122 /* Player.swift */,
			);
			path = Model;
			sourceTree = "<group>";
		};
		AC6984612D57BFC9000D0122 /* Views */ = {
			isa = PBXGroup;
			children = (
				AC6984622D57BFE1000D0122 /* PlayersTabView.swift */,
				AC6984642D57BFF8000D0122 /* PlayersCardView.swift */,
			);
			path = Views;
			sourceTree = "<group>";
		};
/* End PBXGroup section */

/* Begin PBXNativeTarget section */
		AC69843F2D57BF3B000D0122 /* HobbyCards2 */ = {
			isa = PBXNativeTarget;
			buildConfigurationList = AC69844E2D57BF3E000D0122 /* Build configuration list for PBXNativeTarget "HobbyCards2" */;
			buildPhases = (
				AC69843C2D57BF3B000D0122 /* Sources */,
				AC69843D2D57BF3B000D0122 /* Frameworks */,
				AC69843E2D57BF3B000D0122 /* Resources */,
			);
			buildRules = (
			);
			dependencies = (
			);
			name = HobbyCards2;
			packageProductDependencies = (
			);
			productName = HobbyCards2;
			productReference = AC6984402D57BF3B000D0122 /* HobbyCards2.app */;
			productType = "com.apple.product-type.application";
		};
/* End PBXNativeTarget section */

/* Begin PBXProject section */
		AC6984382D57BF3B000D0122 /* Project object */ = {
			isa = PBXProject;
			attributes = {
				BuildIndependentTargetsInParallel = 1;
				LastSwiftUpdateCheck = 1600;
				LastUpgradeCheck = 1600;
				TargetAttributes = {
					AC69843F2D57BF3B000D0122 = {
						CreatedOnToolsVersion = 16.0;
					};
				};
			};
			buildConfigurationList = AC69843B2D57BF3B000D0122 /* Build configuration list for PBXProject "HobbyCards2" */;
			developmentRegion = en;
			hasScannedForEncodings = 0;
			knownRegions = (
				en,
				Base,
			);
			mainGroup = AC6984372D57BF3B000D0122;
			minimizedProjectReferenceProxies = 1;
			preferredProjectObjectVersion = 77;
			productRefGroup = AC6984412D57BF3B000D0122 /* Products */;
			projectDirPath = "";
			projectRoot = "";
			targets = (
				AC69843F2D57BF3B000D0122 /* HobbyCards2 */,
			);
		};
/* End PBXProject section */

/* Begin PBXResourcesBuildPhase section */
		AC69843E2D57BF3B000D0122 /* Resources */ = {
			isa = PBXResourcesBuildPhase;
			buildActionMask = 2147483647;
			files = (
				AC6984562D57BF7C000D0122 /* Preview Assets.xcassets in Resources */,
				AC6984572D57BF7C000D0122 /* Assets.xcassets in Resources */,
			);
			runOnlyForDeploymentPostprocessing = 0;
		};
/* End PBXResourcesBuildPhase section */

/* Begin PBXSourcesBuildPhase section */
		AC69843C2D57BF3B000D0122 /* Sources */ = {
			isa = PBXSourcesBuildPhase;
			buildActionMask = 2147483647;
			files = (
				AC69845E2D57BFB3000D0122 /* Team.swift in Sources */,
				AC69845B2D57BF94000D0122 /* Star.swift in Sources */,
				AC6984582D57BF7C000D0122 /* ContentView.swift in Sources */,
				AC6984602D57BFBF000D0122 /* Player.swift in Sources */,
				AC6984442D57BF3B000D0122 /* HobbyCards2App.swift in Sources */,
				AC6984652D57BFF8000D0122 /* PlayersCardView.swift in Sources */,
				AC6984632D57BFE1000D0122 /* PlayersTabView.swift in Sources */,
			);
			runOnlyForDeploymentPostprocessing = 0;
		};
/* End PBXSourcesBuildPhase section */

/* Begin XCBuildConfiguration section */
		AC69844C2D57BF3E000D0122 /* Debug */ = {
			isa = XCBuildConfiguration;
			buildSettings = {
				ALWAYS_SEARCH_USER_PATHS = NO;
				ASSETCATALOG_COMPILER_GENERATE_SWIFT_ASSET_SYMBOL_EXTENSIONS = YES;
				CLANG_ANALYZER_NONNULL = YES;
				CLANG_ANALYZER_NUMBER_OBJECT_CONVERSION = YES_AGGRESSIVE;
				CLANG_CXX_LANGUAGE_STANDARD = "gnu++20";
				CLANG_ENABLE_MODULES = YES;
				CLANG_ENABLE_OBJC_ARC = YES;
				CLANG_ENABLE_OBJC_WEAK = YES;
				CLANG_WARN_BLOCK_CAPTURE_AUTORELEASING = YES;
				CLANG_WARN_BOOL_CONVERSION = YES;
				CLANG_WARN_COMMA = YES;
				CLANG_WARN_CONSTANT_CONVERSION = YES;
				CLANG_WARN_DEPRECATED_OBJC_IMPLEMENTATIONS = YES;
				CLANG_WARN_DIRECT_OBJC_ISA_USAGE = YES_ERROR;
				CLANG_WARN_DOCUMENTATION_COMMENTS = YES;
				CLANG_WARN_EMPTY_BODY = YES;
				CLANG_WARN_ENUM_CONVERSION = YES;
				CLANG_WARN_INFINITE_RECURSION = YES;
				CLANG_WARN_INT_CONVERSION = YES;
				CLANG_WARN_NON_LITERAL_NULL_CONVERSION = YES;
				CLANG_WARN_OBJC_IMPLICIT_RETAIN_SELF = YES;
				CLANG_WARN_OBJC_LITERAL_CONVERSION = YES;
				CLANG_WARN_OBJC_ROOT_CLASS = YES_ERROR;
				CLANG_WARN_QUOTED_INCLUDE_IN_FRAMEWORK_HEADER = YES;
				CLANG_WARN_RANGE_LOOP_ANALYSIS = YES;
				CLANG_WARN_STRICT_PROTOTYPES = YES;
				CLANG_WARN_SUSPICIOUS_MOVE = YES;
				CLANG_WARN_UNGUARDED_AVAILABILITY = YES_AGGRESSIVE;
				CLANG_WARN_UNREACHABLE_CODE = YES;
				CLANG_WARN__DUPLICATE_METHOD_MATCH = YES;
				COPY_PHASE_STRIP = NO;
				DEBUG_INFORMATION_FORMAT = dwarf;
				ENABLE_STRICT_OBJC_MSGSEND = YES;
				ENABLE_TESTABILITY = YES;
				ENABLE_USER_SCRIPT_SANDBOXING = YES;
				GCC_C_LANGUAGE_STANDARD = gnu17;
				GCC_DYNAMIC_NO_PIC = NO;
				GCC_NO_COMMON_BLOCKS = YES;
				GCC_OPTIMIZATION_LEVEL = 0;
				GCC_PREPROCESSOR_DEFINITIONS = (
					"DEBUG=1",
					"$(inherited)",
				);
				GCC_WARN_64_TO_32_BIT_CONVERSION = YES;
				GCC_WARN_ABOUT_RETURN_TYPE = YES_ERROR;
				GCC_WARN_UNDECLARED_SELECTOR = YES;
				GCC_WARN_UNINITIALIZED_AUTOS = YES_AGGRESSIVE;
				GCC_WARN_UNUSED_FUNCTION = YES;
				GCC_WARN_UNUSED_VARIABLE = YES;
				IPHONEOS_DEPLOYMENT_TARGET = 18.0;
				LOCALIZATION_PREFERS_STRING_CATALOGS = YES;
				MTL_ENABLE_DEBUG_INFO = INCLUDE_SOURCE;
				MTL_FAST_MATH = YES;
				ONLY_ACTIVE_ARCH = YES;
				SDKROOT = iphoneos;
				SWIFT_ACTIVE_COMPILATION_CONDITIONS = "DEBUG $(inherited)";
				SWIFT_OPTIMIZATION_LEVEL = "-Onone";
			};
			name = Debug;
		};
		AC69844D2D57BF3E000D0122 /* Release */ = {
			isa = XCBuildConfiguration;
			buildSettings = {
				ALWAYS_SEARCH_USER_PATHS = NO;
				ASSETCATALOG_COMPILER_GENERATE_SWIFT_ASSET_SYMBOL_EXTENSIONS = YES;
				CLANG_ANALYZER_NONNULL = YES;
				CLANG_ANALYZER_NUMBER_OBJECT_CONVERSION = YES_AGGRESSIVE;
				CLANG_CXX_LANGUAGE_STANDARD = "gnu++20";
				CLANG_ENABLE_MODULES = YES;
				CLANG_ENABLE_OBJC_ARC = YES;
				CLANG_ENABLE_OBJC_WEAK = YES;
				CLANG_WARN_BLOCK_CAPTURE_AUTORELEASING = YES;
				CLANG_WARN_BOOL_CONVERSION = YES;
				CLANG_WARN_COMMA = YES;
				CLANG_WARN_CONSTANT_CONVERSION = YES;
				CLANG_WARN_DEPRECATED_OBJC_IMPLEMENTATIONS = YES;
				CLANG_WARN_DIRECT_OBJC_ISA_USAGE = YES_ERROR;
				CLANG_WARN_DOCUMENTATION_COMMENTS = YES;
				CLANG_WARN_EMPTY_BODY = YES;
				CLANG_WARN_ENUM_CONVERSION = YES;
				CLANG_WARN_INFINITE_RECURSION = YES;
				CLANG_WARN_INT_CONVERSION = YES;
				CLANG_WARN_NON_LITERAL_NULL_CONVERSION = YES;
				CLANG_WARN_OBJC_IMPLICIT_RETAIN_SELF = YES;
				CLANG_WARN_OBJC_LITERAL_CONVERSION = YES;
				CLANG_WARN_OBJC_ROOT_CLASS = YES_ERROR;
				CLANG_WARN_QUOTED_INCLUDE_IN_FRAMEWORK_HEADER = YES;
				CLANG_WARN_RANGE_LOOP_ANALYSIS = YES;
				CLANG_WARN_STRICT_PROTOTYPES = YES;
				CLANG_WARN_SUSPICIOUS_MOVE = YES;
				CLANG_WARN_UNGUARDED_AVAILABILITY = YES_AGGRESSIVE;
				CLANG_WARN_UNREACHABLE_CODE = YES;
				CLANG_WARN__DUPLICATE_METHOD_MATCH = YES;
				COPY_PHASE_STRIP = NO;
				DEBUG_INFORMATION_FORMAT = "dwarf-with-dsym";
				ENABLE_NS_ASSERTIONS = NO;
				ENABLE_STRICT_OBJC_MSGSEND = YES;
				ENABLE_USER_SCRIPT_SANDBOXING = YES;
				GCC_C_LANGUAGE_STANDARD = gnu17;
				GCC_NO_COMMON_BLOCKS = YES;
				GCC_WARN_64_TO_32_BIT_CONVERSION = YES;
				GCC_WARN_ABOUT_RETURN_TYPE = YES_ERROR;
				GCC_WARN_UNDECLARED_SELECTOR = YES;
				GCC_WARN_UNINITIALIZED_AUTOS = YES_AGGRESSIVE;
				GCC_WARN_UNUSED_FUNCTION = YES;
				GCC_WARN_UNUSED_VARIABLE = YES;
				IPHONEOS_DEPLOYMENT_TARGET = 18.0;
				LOCALIZATION_PREFERS_STRING_CATALOGS = YES;
				MTL_ENABLE_DEBUG_INFO = NO;
				MTL_FAST_MATH = YES;
				SDKROOT = iphoneos;
				SWIFT_COMPILATION_MODE = wholemodule;
				VALIDATE_PRODUCT = YES;
			};
			name = Release;
		};
		AC69844F2D57BF3E000D0122 /* Debug */ = {
			isa = XCBuildConfiguration;
			buildSettings = {
				ASSETCATALOG_COMPILER_APPICON_NAME = AppIcon;
				ASSETCATALOG_COMPILER_GLOBAL_ACCENT_COLOR_NAME = AccentColor;
				CODE_SIGN_STYLE = Automatic;
				CURRENT_PROJECT_VERSION = 1;
				DEVELOPMENT_ASSET_PATHS = "\"HobbyCards2/Preview Content\"";
				DEVELOPMENT_TEAM = 4UG443984D;
				ENABLE_PREVIEWS = YES;
				GENERATE_INFOPLIST_FILE = YES;
				INFOPLIST_KEY_UIApplicationSceneManifest_Generation = YES;
				INFOPLIST_KEY_UIApplicationSupportsIndirectInputEvents = YES;
				INFOPLIST_KEY_UILaunchScreen_Generation = YES;
				INFOPLIST_KEY_UISupportedInterfaceOrientations_iPad = "UIInterfaceOrientationPortrait UIInterfaceOrientationPortraitUpsideDown UIInterfaceOrientationLandscapeLeft UIInterfaceOrientationLandscapeRight";
				INFOPLIST_KEY_UISupportedInterfaceOrientations_iPhone = "UIInterfaceOrientationPortrait UIInterfaceOrientationLandscapeLeft UIInterfaceOrientationLandscapeRight";
				LD_RUNPATH_SEARCH_PATHS = (
					"$(inherited)",
					"@executable_path/Frameworks",
				);
				MARKETING_VERSION = 1.0;
				PRODUCT_BUNDLE_IDENTIFIER = ca.rathwelljack.HobbyCards2;
				PRODUCT_NAME = "$(TARGET_NAME)";
				SWIFT_EMIT_LOC_STRINGS = YES;
				SWIFT_VERSION = 5.0;
				TARGETED_DEVICE_FAMILY = "1,2";
			};
			name = Debug;
		};
		AC6984502D57BF3E000D0122 /* Release */ = {
			isa = XCBuildConfiguration;
			buildSettings = {
				ASSETCATALOG_COMPILER_APPICON_NAME = AppIcon;
				ASSETCATALOG_COMPILER_GLOBAL_ACCENT_COLOR_NAME = AccentColor;
				CODE_SIGN_STYLE = Automatic;
				CURRENT_PROJECT_VERSION = 1;
				DEVELOPMENT_ASSET_PATHS = "\"HobbyCards2/Preview Content\"";
				DEVELOPMENT_TEAM = 4UG443984D;
				ENABLE_PREVIEWS = YES;
				GENERATE_INFOPLIST_FILE = YES;
				INFOPLIST_KEY_UIApplicationSceneManifest_Generation = YES;
				INFOPLIST_KEY_UIApplicationSupportsIndirectInputEvents = YES;
				INFOPLIST_KEY_UILaunchScreen_Generation = YES;
				INFOPLIST_KEY_UISupportedInterfaceOrientations_iPad = "UIInterfaceOrientationPortrait UIInterfaceOrientationPortraitUpsideDown UIInterfaceOrientationLandscapeLeft UIInterfaceOrientationLandscapeRight";
				INFOPLIST_KEY_UISupportedInterfaceOrientations_iPhone = "UIInterfaceOrientationPortrait UIInterfaceOrientationLandscapeLeft UIInterfaceOrientationLandscapeRight";
				LD_RUNPATH_SEARCH_PATHS = (
					"$(inherited)",
					"@executable_path/Frameworks",
				);
				MARKETING_VERSION = 1.0;
				PRODUCT_BUNDLE_IDENTIFIER = ca.rathwelljack.HobbyCards2;
				PRODUCT_NAME = "$(TARGET_NAME)";
				SWIFT_EMIT_LOC_STRINGS = YES;
				SWIFT_VERSION = 5.0;
				TARGETED_DEVICE_FAMILY = "1,2";
			};
			name = Release;
		};
/* End XCBuildConfiguration section */

/* Begin XCConfigurationList section */
		AC69843B2D57BF3B000D0122 /* Build configuration list for PBXProject "HobbyCards2" */ = {
			isa = XCConfigurationList;
			buildConfigurations = (
				AC69844C2D57BF3E000D0122 /* Debug */,
				AC69844D2D57BF3E000D0122 /* Release */,
			);
			defaultConfigurationIsVisible = 0;
			defaultConfigurationName = Release;
		};
		AC69844E2D57BF3E000D0122 /* Build configuration list for PBXNativeTarget "HobbyCards2" */ = {
			isa = XCConfigurationList;
			buildConfigurations = (
				AC69844F2D57BF3E000D0122 /* Debug */,
				AC6984502D57BF3E000D0122 /* Release */,
			);
			defaultConfigurationIsVisible = 0;
			defaultConfigurationName = Release;
		};
/* End XCConfigurationList section */
	};
	rootObject = AC6984382D57BF3B000D0122 /* Project object */;
}
